
Microsoft Visual Studio Solution File, Format Version 12.00
# Visual Studio Version 17
VisualStudioVersion = 17.7.34031.279
MinimumVisualStudioVersion = 10.0.40219.1
Project("{9A19103F-16F7-4668-BE54-9A1E7A4F7556}") = "WAVMaker", "WAVMaker\WAVMaker.csproj", "{FC016C8F-981A-4DC9-81CB-6FC5DB4E7099}"
EndProject
Project("{9A19103F-16F7-4668-BE54-9A1E7A4F7556}") = "WAVRecorder", "WAVRecorder\WAVRecorder.csproj", "{CC03336A-170D-4C08-89E0-B3F1BFB74747}"
EndProject
Project("{9A19103F-16F7-4668-BE54-9A1E7A4F7556}") = "WAVSplitter", "WAVSplitter\WAVSplitter.csproj", "{A7381818-F491-4E9A-A878-942ABAA956BC}"
EndProject
Project("{9A19103F-16F7-4668-BE54-9A1E7A4F7556}") = "WAVtoMP3", "WAVtoMP3\WAVtoMP3.csproj", "{93B781E1-98DE-4FB3-9C89-970441E3AF8D}"
EndProject
Project("{9A19103F-16F7-4668-BE54-9A1E7A4F7556}") = "MP3Tagger", "MP3Tagger\MP3Tagger.csproj", "{C7E2613A-B9E7-4642-ADBF-97154CE814DF}"
EndProject
Project("{FAE04EC0-301F-11D3-BF4B-00C04F79EFBC}") = "AudioProcessorLibrary", "AudioProcessorLibrary\AudioProcessorLibrary.csproj", "{2E7AD0B0-9F87-439F-A54F-265321878B92}"
EndProject
Project("{FAE04EC0-301F-11D3-BF4B-00C04F79EFBC}") = "TesterApp", "TesterApp\TesterApp.csproj", "{6B256275-8DF3-4FB9-BA9C-74EE0A4E0BCD}"
EndProject
Global
	GlobalSection(SolutionConfigurationPlatforms) = preSolution
		Debug|Any CPU = Debug|Any CPU
		Release|Any CPU = Release|Any CPU
	EndGlobalSection
	GlobalSection(ProjectConfigurationPlatforms) = postSolution
		{FC016C8F-981A-4DC9-81CB-6FC5DB4E7099}.Debug|Any CPU.ActiveCfg = Debug|Any CPU
		{FC016C8F-981A-4DC9-81CB-6FC5DB4E7099}.Debug|Any CPU.Build.0 = Debug|Any CPU
		{FC016C8F-981A-4DC9-81CB-6FC5DB4E7099}.Release|Any CPU.ActiveCfg = Release|Any CPU
		{FC016C8F-981A-4DC9-81CB-6FC5DB4E7099}.Release|Any CPU.Build.0 = Release|Any CPU
		{CC03336A-170D-4C08-89E0-B3F1BFB74747}.Debug|Any CPU.ActiveCfg = Debug|Any CPU
		{CC03336A-170D-4C08-89E0-B3F1BFB74747}.Debug|Any CPU.Build.0 = Debug|Any CPU
		{CC03336A-170D-4C08-89E0-B3F1BFB74747}.Release|Any CPU.ActiveCfg = Release|Any CPU
		{CC03336A-170D-4C08-89E0-B3F1BFB74747}.Release|Any CPU.Build.0 = Release|Any CPU
		{A7381818-F491-4E9A-A878-942ABAA956BC}.Debug|Any CPU.ActiveCfg = Debug|Any CPU
		{A7381818-F491-4E9A-A878-942ABAA956BC}.Debug|Any CPU.Build.0 = Debug|Any CPU
		{A7381818-F491-4E9A-A878-942ABAA956BC}.Release|Any CPU.ActiveCfg = Release|Any CPU
		{A7381818-F491-4E9A-A878-942ABAA956BC}.Release|Any CPU.Build.0 = Release|Any CPU
		{93B781E1-98DE-4FB3-9C89-970441E3AF8D}.Debug|Any CPU.ActiveCfg = Debug|Any CPU
		{93B781E1-98DE-4FB3-9C89-970441E3AF8D}.Debug|Any CPU.Build.0 = Debug|Any CPU
		{93B781E1-98DE-4FB3-9C89-970441E3AF8D}.Release|Any CPU.ActiveCfg = Release|Any CPU
		{93B781E1-98DE-4FB3-9C89-970441E3AF8D}.Release|Any CPU.Build.0 = Release|Any CPU
		{C7E2613A-B9E7-4642-ADBF-97154CE814DF}.Debug|Any CPU.ActiveCfg = Debug|Any CPU
		{C7E2613A-B9E7-4642-ADBF-97154CE814DF}.Debug|Any CPU.Build.0 = Debug|Any CPU
		{C7E2613A-B9E7-4642-ADBF-97154CE814DF}.Release|Any CPU.ActiveCfg = Release|Any CPU
		{C7E2613A-B9E7-4642-ADBF-97154CE814DF}.Release|Any CPU.Build.0 = Release|Any CPU
		{2E7AD0B0-9F87-439F-A54F-265321878B92}.Debug|Any CPU.ActiveCfg = Debug|Any CPU
		{2E7AD0B0-9F87-439F-A54F-265321878B92}.Debug|Any CPU.Build.0 = Debug|Any CPU
		{2E7AD0B0-9F87-439F-A54F-265321878B92}.Release|Any CPU.ActiveCfg = Release|Any CPU
		{2E7AD0B0-9F87-439F-A54F-265321878B92}.Release|Any CPU.Build.0 = Release|Any CPU
		{6B256275-8DF3-4FB9-BA9C-74EE0A4E0BCD}.Debug|Any CPU.ActiveCfg = Debug|Any CPU
		{6B256275-8DF3-4FB9-BA9C-74EE0A4E0BCD}.Debug|Any CPU.Build.0 = Debug|Any CPU
		{6B256275-8DF3-4FB9-BA9C-74EE0A4E0BCD}.Release|Any CPU.ActiveCfg = Release|Any CPU
		{6B256275-8DF3-4FB9-BA9C-74EE0A4E0BCD}.Release|Any CPU.Build.0 = Release|Any CPU
	EndGlobalSection
	GlobalSection(SolutionProperties) = preSolution
		HideSolutionNode = FALSE
	EndGlobalSection
	GlobalSection(ExtensibilityGlobals) = postSolution
		SolutionGuid = {31CBE9AD-189C-4455-9B5C-9623B7CB4423}
	EndGlobalSection
EndGlobal
